// !$*UTF8*$!
{
	archiveVersion = 1;
	classes = {
	};
	objectVersion = 46;
	objects = {

/* Begin PBXBuildFile section */
		0AA780562BB60E1700E0514B /* Cocoa.framework in Frameworks */ = {isa = PBXBuildFile; fileRef = 0AA780552BB60E1700E0514B /* Cocoa.framework */; };
		0AA780582BB60E1700E0514B /* ScreenSaver.framework in Frameworks */ = {isa = PBXBuildFile; fileRef = 0AA780572BB60E1700E0514B /* ScreenSaver.framework */; };
		0AA780622BB60E1700E0514B /* InfoPlist.strings in Resources */ = {isa = PBXBuildFile; fileRef = 0AA780602BB60E1700E0514B /* InfoPlist.strings */; };
		0AA780662BB60E1800E0514B /* HeliosView.mm in Sources */ = {isa = PBXBuildFile; fileRef = 0AA780652BB60E1800E0514B /* HeliosView.mm */; };
		0AA7806D2BB6135100E0514B /* OpenGL.framework in Frameworks */ = {isa = PBXBuildFile; fileRef = 0AA7806C2BB6135100E0514B /* OpenGL.framework */; };
		0AA7807C2BB6142E00E0514B /* impCrawlPoint.h in Headers */ = {isa = PBXBuildFile; fileRef = 0AA7806F2BB6142E00E0514B /* impCrawlPoint.h */; };
		0AA7807D2BB6142E00E0514B /* impCube.cpp in Sources */ = {isa = PBXBuildFile; fileRef = 0AA780702BB6142E00E0514B /* impCube.cpp */; };
		0AA7807E2BB6142E00E0514B /* impCube.h in Headers */ = {isa = PBXBuildFile; fileRef = 0AA780712BB6142E00E0514B /* impCube.h */; };
		0AA7807F2BB6142E00E0514B /* impCubeTable.h in Headers */ = {isa = PBXBuildFile; fileRef = 0AA780722BB6142E00E0514B /* impCubeTable.h */; };
		0AA780802BB6142E00E0514B /* impCubeVolume.cpp in Sources */ = {isa = PBXBuildFile; fileRef = 0AA780732BB6142E00E0514B /* impCubeVolume.cpp */; };
		0AA780812BB6142E00E0514B /* impCubeVolume.h in Headers */ = {isa = PBXBuildFile; fileRef = 0AA780742BB6142E00E0514B /* impCubeVolume.h */; };
		0AA780822BB6142E00E0514B /* impElement.h in Headers */ = {isa = PBXBuildFile; fileRef = 0AA780752BB6142E00E0514B /* impElement.h */; };
		0AA780832BB6142E00E0514B /* impSphere.h in Headers */ = {isa = PBXBuildFile; fileRef = 0AA780762BB6142E00E0514B /* impSphere.h */; };
		0AA780842BB6142E00E0514B /* impSurface.h in Headers */ = {isa = PBXBuildFile; fileRef = 0AA780772BB6142E00E0514B /* impSurface.h */; };
		0AA780852BB6142E00E0514B /* rsDefines.h in Headers */ = {isa = PBXBuildFile; fileRef = 0AA780792BB6142E00E0514B /* rsDefines.h */; };
		0AA780862BB6142E00E0514B /* rsMath.h in Headers */ = {isa = PBXBuildFile; fileRef = 0AA7807A2BB6142E00E0514B /* rsMath.h */; };
		0AA780872BB6142E00E0514B /* rsRand.h in Headers */ = {isa = PBXBuildFile; fileRef = 0AA7807B2BB6142E00E0514B /* rsRand.h */; };
		0AA7808B2BB615CD00E0514B /* spheremap.tga in Resources */ = {isa = PBXBuildFile; fileRef = 0AA780892BB615CD00E0514B /* spheremap.tga */; };
		0AA7808C2BB615CD00E0514B /* aaron_map.tga in Resources */ = {isa = PBXBuildFile; fileRef = 0AA7808A2BB615CD00E0514B /* aaron_map.tga */; };
		0AA780962BB61AD200E0514B /* HeliosPreferences.xib in Resources */ = {isa = PBXBuildFile; fileRef = 0AA780952BB61AD200E0514B /* HeliosPreferences.xib */; };
		0AA7809F2BB624A000E0514B /* Helios.h in Headers */ = {isa = PBXBuildFile; fileRef = 0AA7809D2BB624A000E0514B /* Helios.h */; };
		0AA780A02BB624A000E0514B /* Helios.mm in Sources */ = {isa = PBXBuildFile; fileRef = 0AA7809E2BB624A000E0514B /* Helios.mm */; };
		0AA780A32BB6258F00E0514B /* HeliosMath.h in Headers */ = {isa = PBXBuildFile; fileRef = 0AA780A12BB6258F00E0514B /* HeliosMath.h */; };
		0AA780A42BB6258F00E0514B /* HeliosMath.m in Sources */ = {isa = PBXBuildFile; fileRef = 0AA780A22BB6258F00E0514B /* HeliosMath.m */; };
/* End PBXBuildFile section */

/* Begin PBXFileReference section */
		0AA780522BB60E1700E0514B /* Helios.saver */ = {isa = PBXFileReference; explicitFileType = wrapper.cfbundle; includeInIndex = 0; path = Helios.saver; sourceTree = BUILT_PRODUCTS_DIR; };
		0AA780552BB60E1700E0514B /* Cocoa.framework */ = {isa = PBXFileReference; lastKnownFileType = wrapper.framework; name = Cocoa.framework; path = System/Library/Frameworks/Cocoa.framework; sourceTree = SDKROOT; };
		0AA780572BB60E1700E0514B /* ScreenSaver.framework */ = {isa = PBXFileReference; lastKnownFileType = wrapper.framework; name = ScreenSaver.framework; path = System/Library/Frameworks/ScreenSaver.framework; sourceTree = SDKROOT; };
		0AA7805A2BB60E1700E0514B /* AppKit.framework */ = {isa = PBXFileReference; lastKnownFileType = wrapper.framework; name = AppKit.framework; path = System/Library/Frameworks/AppKit.framework; sourceTree = SDKROOT; };
		0AA7805B2BB60E1700E0514B /* CoreData.framework */ = {isa = PBXFileReference; lastKnownFileType = wrapper.framework; name = CoreData.framework; path = System/Library/Frameworks/CoreData.framework; sourceTree = SDKROOT; };
		0AA7805C2BB60E1700E0514B /* Foundation.framework */ = {isa = PBXFileReference; lastKnownFileType = wrapper.framework; name = Foundation.framework; path = System/Library/Frameworks/Foundation.framework; sourceTree = SDKROOT; };
		0AA7805F2BB60E1700E0514B /* Helios-Info.plist */ = {isa = PBXFileReference; lastKnownFileType = text.plist.xml; path = "Helios-Info.plist"; sourceTree = "<group>"; };
		0AA780612BB60E1700E0514B /* en */ = {isa = PBXFileReference; lastKnownFileType = text.plist.strings; name = en; path = en.lproj/InfoPlist.strings; sourceTree = "<group>"; };
		0AA780632BB60E1700E0514B /* Helios-Prefix.pch */ = {isa = PBXFileReference; lastKnownFileType = sourcecode.c.h; path = "Helios-Prefix.pch"; sourceTree = "<group>"; };
		0AA780642BB60E1700E0514B /* HeliosView.h */ = {isa = PBXFileReference; lastKnownFileType = sourcecode.c.h; path = HeliosView.h; sourceTree = "<group>"; };
		0AA780652BB60E1800E0514B /* HeliosView.mm */ = {isa = PBXFileReference; lastKnownFileType = sourcecode.cpp.objcpp; path = HeliosView.mm; sourceTree = "<group>"; };
		0AA7806C2BB6135100E0514B /* OpenGL.framework */ = {isa = PBXFileReference; lastKnownFileType = wrapper.framework; name = OpenGL.framework; path = System/Library/Frameworks/OpenGL.framework; sourceTree = SDKROOT; };
		0AA7806F2BB6142E00E0514B /* impCrawlPoint.h */ = {isa = PBXFileReference; fileEncoding = 4; lastKnownFileType = sourcecode.c.h; path = impCrawlPoint.h; sourceTree = "<group>"; };
		0AA780702BB6142E00E0514B /* impCube.cpp */ = {isa = PBXFileReference; fileEncoding = 4; lastKnownFileType = sourcecode.cpp.cpp; path = impCube.cpp; sourceTree = "<group>"; };
		0AA780712BB6142E00E0514B /* impCube.h */ = {isa = PBXFileReference; fileEncoding = 4; lastKnownFileType = sourcecode.c.h; path = impCube.h; sourceTree = "<group>"; };
		0AA780722BB6142E00E0514B /* impCubeTable.h */ = {isa = PBXFileReference; fileEncoding = 4; lastKnownFileType = sourcecode.c.h; path = impCubeTable.h; sourceTree = "<group>"; };
		0AA780732BB6142E00E0514B /* impCubeVolume.cpp */ = {isa = PBXFileReference; fileEncoding = 4; lastKnownFileType = sourcecode.cpp.cpp; path = impCubeVolume.cpp; sourceTree = "<group>"; };
		0AA780742BB6142E00E0514B /* impCubeVolume.h */ = {isa = PBXFileReference; fileEncoding = 4; lastKnownFileType = sourcecode.c.h; path = impCubeVolume.h; sourceTree = "<group>"; };
		0AA780752BB6142E00E0514B /* impElement.h */ = {isa = PBXFileReference; fileEncoding = 4; lastKnownFileType = sourcecode.c.h; path = impElement.h; sourceTree = "<group>"; };
		0AA780762BB6142E00E0514B /* impSphere.h */ = {isa = PBXFileReference; fileEncoding = 4; lastKnownFileType = sourcecode.c.h; path = impSphere.h; sourceTree = "<group>"; };
		0AA780772BB6142E00E0514B /* impSurface.h */ = {isa = PBXFileReference; fileEncoding = 4; lastKnownFileType = sourcecode.c.h; path = impSurface.h; sourceTree = "<group>"; };
		0AA780792BB6142E00E0514B /* rsDefines.h */ = {isa = PBXFileReference; fileEncoding = 4; lastKnownFileType = sourcecode.c.h; path = rsDefines.h; sourceTree = "<group>"; };
		0AA7807A2BB6142E00E0514B /* rsMath.h */ = {isa = PBXFileReference; fileEncoding = 4; lastKnownFileType = sourcecode.c.h; path = rsMath.h; sourceTree = "<group>"; };
		0AA7807B2BB6142E00E0514B /* rsRand.h */ = {isa = PBXFileReference; fileEncoding = 4; lastKnownFileType = sourcecode.c.h; path = rsRand.h; sourceTree = "<group>"; };
		0AA780892BB615CD00E0514B /* spheremap.tga */ = {isa = PBXFileReference; lastKnownFileType = file; path = spheremap.tga; sourceTree = "<group>"; };
		0AA7808A2BB615CD00E0514B /* aaron_map.tga */ = {isa = PBXFileReference; lastKnownFileType = file; path = aaron_map.tga; sourceTree = "<group>"; };
		0AA780952BB61AD200E0514B /* HeliosPreferences.xib */ = {isa = PBXFileReference; fileEncoding = 4; lastKnownFileType = file.xib; path = HeliosPreferences.xib; sourceTree = "<group>"; };
		0AA7809D2BB624A000E0514B /* Helios.h */ = {isa = PBXFileReference; fileEncoding = 4; lastKnownFileType = sourcecode.c.h; path = Helios.h; sourceTree = "<group>"; };
		0AA7809E2BB624A000E0514B /* Helios.mm */ = {isa = PBXFileReference; fileEncoding = 4; lastKnownFileType = sourcecode.cpp.objcpp; path = Helios.mm; sourceTree = "<group>"; };
		0AA780A12BB6258F00E0514B /* HeliosMath.h */ = {isa = PBXFileReference; fileEncoding = 4; lastKnownFileType = sourcecode.c.h; path = HeliosMath.h; sourceTree = "<group>"; };
		0AA780A22BB6258F00E0514B /* HeliosMath.m */ = {isa = PBXFileReference; fileEncoding = 4; lastKnownFileType = sourcecode.c.objc; path = HeliosMath.m; sourceTree = "<group>"; };
/* End PBXFileReference section */

/* Begin PBXFrameworksBuildPhase section */
		0AA7804D2BB60E1700E0514B /* Frameworks */ = {
			isa = PBXFrameworksBuildPhase;
			buildActionMask = 2147483647;
			files = (
				0AA7806D2BB6135100E0514B /* OpenGL.framework in Frameworks */,
				0AA780562BB60E1700E0514B /* Cocoa.framework in Frameworks */,
				0AA780582BB60E1700E0514B /* ScreenSaver.framework in Frameworks */,
			);
			runOnlyForDeploymentPostprocessing = 0;
		};
/* End PBXFrameworksBuildPhase section */

/* Begin PBXGroup section */
		0AA780472BB60E1700E0514B = {
			isa = PBXGroup;
			children = (
				0AA7805D2BB60E1700E0514B /* Helios */,
				0AA7806E2BB6142E00E0514B /* Implicit */,
				0AA780782BB6142E00E0514B /* rsMath */,
				0AA780882BB615A400E0514B /* Resources */,
				0AA780542BB60E1700E0514B /* Frameworks */,
				0AA780532BB60E1700E0514B /* Products */,
			);
			sourceTree = "<group>";
		};
		0AA780532BB60E1700E0514B /* Products */ = {
			isa = PBXGroup;
			children = (
				0AA780522BB60E1700E0514B /* Helios.saver */,
			);
			name = Products;
			sourceTree = "<group>";
		};
		0AA780542BB60E1700E0514B /* Frameworks */ = {
			isa = PBXGroup;
			children = (
				0AA7806C2BB6135100E0514B /* OpenGL.framework */,
				0AA780552BB60E1700E0514B /* Cocoa.framework */,
				0AA780572BB60E1700E0514B /* ScreenSaver.framework */,
				0AA780592BB60E1700E0514B /* Other Frameworks */,
			);
			name = Frameworks;
			sourceTree = "<group>";
		};
		0AA780592BB60E1700E0514B /* Other Frameworks */ = {
			isa = PBXGroup;
			children = (
				0AA7805A2BB60E1700E0514B /* AppKit.framework */,
				0AA7805B2BB60E1700E0514B /* CoreData.framework */,
				0AA7805C2BB60E1700E0514B /* Foundation.framework */,
			);
			name = "Other Frameworks";
			sourceTree = "<group>";
		};
		0AA7805D2BB60E1700E0514B /* Helios */ = {
			isa = PBXGroup;
			children = (
				0AA780642BB60E1700E0514B /* HeliosView.h */,
				0AA780652BB60E1800E0514B /* HeliosView.mm */,
				0AA7805E2BB60E1700E0514B /* Supporting Files */,
				0AA7809D2BB624A000E0514B /* Helios.h */,
				0AA7809E2BB624A000E0514B /* Helios.mm */,
			);
			path = Helios;
			sourceTree = "<group>";
		};
		0AA7805E2BB60E1700E0514B /* Supporting Files */ = {
			isa = PBXGroup;
			children = (
				0AA7805F2BB60E1700E0514B /* Helios-Info.plist */,
				0AA780602BB60E1700E0514B /* InfoPlist.strings */,
				0AA780632BB60E1700E0514B /* Helios-Prefix.pch */,
			);
			name = "Supporting Files";
			sourceTree = "<group>";
		};
		0AA7806E2BB6142E00E0514B /* Implicit */ = {
			isa = PBXGroup;
			children = (
				0AA7806F2BB6142E00E0514B /* impCrawlPoint.h */,
				0AA780702BB6142E00E0514B /* impCube.cpp */,
				0AA780712BB6142E00E0514B /* impCube.h */,
				0AA780722BB6142E00E0514B /* impCubeTable.h */,
				0AA780732BB6142E00E0514B /* impCubeVolume.cpp */,
				0AA780742BB6142E00E0514B /* impCubeVolume.h */,
				0AA780752BB6142E00E0514B /* impElement.h */,
				0AA780762BB6142E00E0514B /* impSphere.h */,
				0AA780772BB6142E00E0514B /* impSurface.h */,
			);
			path = Implicit;
			sourceTree = "<group>";
		};
		0AA780782BB6142E00E0514B /* rsMath */ = {
			isa = PBXGroup;
			children = (
				0AA780792BB6142E00E0514B /* rsDefines.h */,
				0AA7807A2BB6142E00E0514B /* rsMath.h */,
				0AA7807B2BB6142E00E0514B /* rsRand.h */,
				0AA780A12BB6258F00E0514B /* HeliosMath.h */,
				0AA780A22BB6258F00E0514B /* HeliosMath.m */,
			);
			path = rsMath;
			sourceTree = "<group>";
		};
		0AA780882BB615A400E0514B /* Resources */ = {
			isa = PBXGroup;
			children = (
				0AA780892BB615CD00E0514B /* spheremap.tga */,
				0AA7808A2BB615CD00E0514B /* aaron_map.tga */,
				0AA780952BB61AD200E0514B /* HeliosPreferences.xib */,
			);
			name = Resources;
			sourceTree = "<group>";
		};
/* End PBXGroup section */

/* Begin PBXHeadersBuildPhase section */
		0AA7804E2BB60E1700E0514B /* Headers */ = {
			isa = PBXHeadersBuildPhase;
			buildActionMask = 2147483647;
			files = (
				0AA7807C2BB6142E00E0514B /* impCrawlPoint.h in Headers */,
				0AA7807E2BB6142E00E0514B /* impCube.h in Headers */,
				0AA7807F2BB6142E00E0514B /* impCubeTable.h in Headers */,
				0AA780812BB6142E00E0514B /* impCubeVolume.h in Headers */,
				0AA780822BB6142E00E0514B /* impElement.h in Headers */,
				0AA780832BB6142E00E0514B /* impSphere.h in Headers */,
				0AA780842BB6142E00E0514B /* impSurface.h in Headers */,
				0AA780852BB6142E00E0514B /* rsDefines.h in Headers */,
				0AA780862BB6142E00E0514B /* rsMath.h in Headers */,
				0AA780872BB6142E00E0514B /* rsRand.h in Headers */,
				0AA7809F2BB624A000E0514B /* Helios.h in Headers */,
				0AA780A32BB6258F00E0514B /* HeliosMath.h in Headers */,
			);
			runOnlyForDeploymentPostprocessing = 0;
		};
/* End PBXHeadersBuildPhase section */

/* Begin PBXNativeTarget section */
		0AA780512BB60E1700E0514B /* Helios */ = {
			isa = PBXNativeTarget;
			buildConfigurationList = 0AA780692BB60E1800E0514B /* Build configuration list for PBXNativeTarget "Helios" */;
			buildPhases = (
				0AA7804C2BB60E1700E0514B /* Sources */,
				0AA7804D2BB60E1700E0514B /* Frameworks */,
				0AA7804E2BB60E1700E0514B /* Headers */,
				0AA7804F2BB60E1700E0514B /* Resources */,
				0AA780502BB60E1700E0514B /* Rez */,
			);
			buildRules = (
			);
			dependencies = (
			);
			name = Helios;
			productName = Helios;
			productReference = 0AA780522BB60E1700E0514B /* Helios.saver */;
			productType = "com.apple.product-type.bundle";
		};
/* End PBXNativeTarget section */

/* Begin PBXProject section */
		0AA780482BB60E1700E0514B /* Project object */ = {
			isa = PBXProject;
			attributes = {
				LastUpgradeCheck = 0460;
				ORGANIZATIONNAME = "Lasse Lauwerys";
			};
			buildConfigurationList = 0AA7804B2BB60E1700E0514B /* Build configuration list for PBXProject "Helios" */;
			compatibilityVersion = "Xcode 3.2";
			developmentRegion = English;
			hasScannedForEncodings = 0;
			knownRegions = (
				en,
			);
			mainGroup = 0AA780472BB60E1700E0514B;
			productRefGroup = 0AA780532BB60E1700E0514B /* Products */;
			projectDirPath = "";
			projectRoot = "";
			targets = (
				0AA780512BB60E1700E0514B /* Helios */,
			);
		};
/* End PBXProject section */

/* Begin PBXResourcesBuildPhase section */
		0AA7804F2BB60E1700E0514B /* Resources */ = {
			isa = PBXResourcesBuildPhase;
			buildActionMask = 2147483647;
			files = (
				0AA780622BB60E1700E0514B /* InfoPlist.strings in Resources */,
				0AA7808B2BB615CD00E0514B /* spheremap.tga in Resources */,
				0AA7808C2BB615CD00E0514B /* aaron_map.tga in Resources */,
				0AA780962BB61AD200E0514B /* HeliosPreferences.xib in Resources */,
			);
			runOnlyForDeploymentPostprocessing = 0;
		};
/* End PBXResourcesBuildPhase section */

/* Begin PBXRezBuildPhase section */
		0AA780502BB60E1700E0514B /* Rez */ = {
			isa = PBXRezBuildPhase;
			buildActionMask = 2147483647;
			files = (
			);
			runOnlyForDeploymentPostprocessing = 0;
		};
/* End PBXRezBuildPhase section */

/* Begin PBXSourcesBuildPhase section */
		0AA7804C2BB60E1700E0514B /* Sources */ = {
			isa = PBXSourcesBuildPhase;
			buildActionMask = 2147483647;
			files = (
				0AA780662BB60E1800E0514B /* HeliosView.mm in Sources */,
				0AA7807D2BB6142E00E0514B /* impCube.cpp in Sources */,
				0AA780802BB6142E00E0514B /* impCubeVolume.cpp in Sources */,
				0AA780A02BB624A000E0514B /* Helios.mm in Sources */,
				0AA780A42BB6258F00E0514B /* HeliosMath.m in Sources */,
			);
			runOnlyForDeploymentPostprocessing = 0;
		};
/* End PBXSourcesBuildPhase section */

/* Begin PBXVariantGroup section */
		0AA780602BB60E1700E0514B /* InfoPlist.strings */ = {
			isa = PBXVariantGroup;
			children = (
				0AA780612BB60E1700E0514B /* en */,
			);
			name = InfoPlist.strings;
			sourceTree = "<group>";
		};
/* End PBXVariantGroup section */

/* Begin XCBuildConfiguration section */
		0AA780672BB60E1800E0514B /* Debug */ = {
			isa = XCBuildConfiguration;
			buildSettings = {
				ALWAYS_SEARCH_USER_PATHS = NO;
				ARCHS = "$(ARCHS_STANDARD_64_BIT)";
				CLANG_CXX_LANGUAGE_STANDARD = "gnu++0x";
				CLANG_CXX_LIBRARY = "libc++";
				CLANG_WARN_CONSTANT_CONVERSION = YES;
				CLANG_WARN_EMPTY_BODY = YES;
				CLANG_WARN_ENUM_CONVERSION = YES;
				CLANG_WARN_INT_CONVERSION = YES;
				CLANG_WARN__DUPLICATE_METHOD_MATCH = YES;
				COPY_PHASE_STRIP = NO;
				GCC_C_LANGUAGE_STANDARD = gnu99;
				GCC_DYNAMIC_NO_PIC = NO;
				GCC_ENABLE_OBJC_EXCEPTIONS = YES;
				GCC_ENABLE_OBJC_GC = supported;
				GCC_OPTIMIZATION_LEVEL = 0;
				GCC_PREPROCESSOR_DEFINITIONS = (
					"DEBUG=1",
					"$(inherited)",
				);
				GCC_SYMBOLS_PRIVATE_EXTERN = NO;
				GCC_WARN_64_TO_32_BIT_CONVERSION = YES;
				GCC_WARN_ABOUT_RETURN_TYPE = YES;
				GCC_WARN_UNINITIALIZED_AUTOS = YES;
				GCC_WARN_UNUSED_VARIABLE = YES;
				MACOSX_DEPLOYMENT_TARGET = 10.7;
				ONLY_ACTIVE_ARCH = YES;
				SDKROOT = macosx;
			};
			name = Debug;
		};
		0AA780682BB60E1800E0514B /* Release */ = {
			isa = XCBuildConfiguration;
			buildSettings = {
				ALWAYS_SEARCH_USER_PATHS = NO;
				ARCHS = "$(ARCHS_STANDARD_64_BIT)";
				CLANG_CXX_LANGUAGE_STANDARD = "gnu++0x";
				CLANG_CXX_LIBRARY = "libc++";
				CLANG_WARN_CONSTANT_CONVERSION = YES;
				CLANG_WARN_EMPTY_BODY = YES;
				CLANG_WARN_ENUM_CONVERSION = YES;
				CLANG_WARN_INT_CONVERSION = YES;
				CLANG_WARN__DUPLICATE_METHOD_MATCH = YES;
				COPY_PHASE_STRIP = YES;
				DEBUG_INFORMATION_FORMAT = "dwarf-with-dsym";
				GCC_C_LANGUAGE_STANDARD = gnu99;
				GCC_ENABLE_OBJC_EXCEPTIONS = YES;
				GCC_ENABLE_OBJC_GC = supported;
				GCC_WARN_64_TO_32_BIT_CONVERSION = YES;
				GCC_WARN_ABOUT_RETURN_TYPE = YES;
				GCC_WARN_UNINITIALIZED_AUTOS = YES;
				GCC_WARN_UNUSED_VARIABLE = YES;
				MACOSX_DEPLOYMENT_TARGET = 10.7;
				SDKROOT = macosx;
			};
			name = Release;
		};
		0AA7806A2BB60E1800E0514B /* Debug */ = {
			isa = XCBuildConfiguration;
			buildSettings = {
				COMBINE_HIDPI_IMAGES = YES;
				GCC_PRECOMPILE_PREFIX_HEADER = YES;
				GCC_PREFIX_HEADER = "Helios/Helios-Prefix.pch";
				INFOPLIST_FILE = "Helios/Helios-Info.plist";
				INSTALL_PATH = "$(HOME)/Library/Screen Savers";
				PRODUCT_NAME = "$(TARGET_NAME)";
				WRAPPER_EXTENSION = saver;
			};
			name = Debug;
		};
		0AA7806B2BB60E1800E0514B /* Release */ = {
			isa = XCBuildConfiguration;
			buildSettings = {
				COMBINE_HIDPI_IMAGES = YES;
				GCC_PRECOMPILE_PREFIX_HEADER = YES;
				GCC_PREFIX_HEADER = "Helios/Helios-Prefix.pch";
				INFOPLIST_FILE = "Helios/Helios-Info.plist";
				INSTALL_PATH = "$(HOME)/Library/Screen Savers";
				PRODUCT_NAME = "$(TARGET_NAME)";
				WRAPPER_EXTENSION = saver;
			};
			name = Release;
		};
/* End XCBuildConfiguration section */

/* Begin XCConfigurationList section */
		0AA7804B2BB60E1700E0514B /* Build configuration list for PBXProject "Helios" */ = {
			isa = XCConfigurationList;
			buildConfigurations = (
				0AA780672BB60E1800E0514B /* Debug */,
				0AA780682BB60E1800E0514B /* Release */,
			);
			defaultConfigurationIsVisible = 0;
			defaultConfigurationName = Release;
		};
		0AA780692BB60E1800E0514B /* Build configuration list for PBXNativeTarget "Helios" */ = {
			isa = XCConfigurationList;
			buildConfigurations = (
				0AA7806A2BB60E1800E0514B /* Debug */,
				0AA7806B2BB60E1800E0514B /* Release */,
			);
			defaultConfigurationIsVisible = 0;
		};
/* End XCConfigurationList section */
	};
	rootObject = 0AA780482BB60E1700E0514B /* Project object */;
}
